<?xml version="1.0" encoding="utf-8"?>
<Project ToolsVersion="4.0" xmlns="http://schemas.microsoft.com/developer/msbuild/2003">
  <ItemGroup>
    <Filter Include="源文件">
      <UniqueIdentifier>{4FC737F1-C7A5-4376-A066-2A32D752A2FF}</UniqueIdentifier>
      <Extensions>cpp;c;cc;cxx;def;odl;idl;hpj;bat;asm;asmx</Extensions>
    </Filter>
    <Filter Include="头文件">
      <UniqueIdentifier>{93995380-89BD-4b04-88EB-625FBE52EBFB}</UniqueIdentifier>
      <Extensions>h;hh;hpp;hxx;hm;inl;inc;xsd</Extensions>
    </Filter>
    <Filter Include="资源文件">
      <UniqueIdentifier>{67DA6AB6-F800-4c08-8B7A-83BB121AAD01}</UniqueIdentifier>
      <Extensions>rc;ico;cur;bmp;dlg;rc2;rct;bin;rgs;gif;jpg;jpeg;jpe;resx;tiff;tif;png;wav;mfcribbon-ms</Extensions>
    </Filter>
  </ItemGroup>
  <ItemGroup>
    <ClCompile Include="OpenGL\ResourceManager.cpp">
      <Filter>源文件</Filter>
    </ClCompile>
    <ClCompile Include="OpenGL\Shader.cpp">
      <Filter>源文件</Filter>
    </ClCompile>
    <ClCompile Include="OpenGL\Texture.cpp">
      <Filter>源文件</Filter>
    </ClCompile>
    <ClCompile Include="OpenGL\SpriteRenderer.cpp">
      <Filter>源文件</Filter>
    </ClCompile>
    <ClCompile Include="OpenGL\TextRenderer.cpp">
      <Filter>源文件</Filter>
    </ClCompile>
    <ClCompile Include="OpenGL\PostProcessor.cpp">
      <Filter>源文件</Filter>
    </ClCompile>
    <ClCompile Include="OpenGL\DisplayManager.cpp">
      <Filter>源文件</Filter>
    </ClCompile>
    <ClCompile Include="Main.cpp">
      <Filter>源文件</Filter>
    </ClCompile>
    <ClCompile Include="OpenGL\InputHelper.cpp">
      <Filter>源文件</Filter>
    </ClCompile>
    <ClCompile Include="OpenGL\EngineEventHandler.cpp">
      <Filter>源文件</Filter>
    </ClCompile>
    <ClCompile Include="Game1\Game\BallObject.cpp">
      <Filter>源文件</Filter>
    </ClCompile>
    <ClCompile Include="Game1\Game\GameLevel.cpp">
      <Filter>源文件</Filter>
    </ClCompile>
    <ClCompile Include="Game1\Game\GameObject.cpp">
      <Filter>源文件</Filter>
    </ClCompile>
    <ClCompile Include="Game1\Game\TTQ.cpp">
      <Filter>源文件</Filter>
    </ClCompile>
    <ClCompile Include="Game2\stencil_testing.cpp">
      <Filter>源文件</Filter>
    </ClCompile>
    <ClCompile Include="Game1\Game\ParticleGenerator.cpp">
      <Filter>源文件</Filter>
    </ClCompile>
    <ClCompile Include="Game3\PixelModify.cpp">
      <Filter>源文件</Filter>
    </ClCompile>
  </ItemGroup>
  <ItemGroup>
    <ClInclude Include="OpenGL\ResourceManager.h">
      <Filter>头文件</Filter>
    </ClInclude>
    <ClInclude Include="OpenGL\Shader.h">
      <Filter>头文件</Filter>
    </ClInclude>
    <ClInclude Include="OpenGL\Texture.h">
      <Filter>头文件</Filter>
    </ClInclude>
    <ClInclude Include="OpenGL\SpriteRenderer.h">
      <Filter>头文件</Filter>
    </ClInclude>
    <ClInclude Include="OpenGL\TextRenderer.h">
      <Filter>头文件</Filter>
    </ClInclude>
    <ClInclude Include="OpenGL\PostProcessor.h">
      <Filter>头文件</Filter>
    </ClInclude>
    <ClInclude Include="OpenGL\DisplayManager.h">
      <Filter>头文件</Filter>
    </ClInclude>
    <ClInclude Include="OpenGL\Game.h">
      <Filter>头文件</Filter>
    </ClInclude>
    <ClInclude Include="OpenGL\Camera.h">
      <Filter>头文件</Filter>
    </ClInclude>
    <ClInclude Include="OpenGL\InputHelper.h">
      <Filter>头文件</Filter>
    </ClInclude>
    <ClInclude Include="OpenGL\MonoBehaviour.h">
      <Filter>头文件</Filter>
    </ClInclude>
    <ClInclude Include="OpenGL\EngineEventHandler.h">
      <Filter>头文件</Filter>
    </ClInclude>
    <ClInclude Include="Game1\Game\BallObject.h">
      <Filter>头文件</Filter>
    </ClInclude>
    <ClInclude Include="Game1\Game\GameLevel.h">
      <Filter>头文件</Filter>
    </ClInclude>
    <ClInclude Include="Game1\Game\GameObject.h">
      <Filter>头文件</Filter>
    </ClInclude>
    <ClInclude Include="Game1\Game\PowerUp.h">
      <Filter>头文件</Filter>
    </ClInclude>
    <ClInclude Include="Game1\Game\TTQ.h">
      <Filter>头文件</Filter>
    </ClInclude>
    <ClInclude Include="Game2\stencil_testing.h">
      <Filter>头文件</Filter>
    </ClInclude>
    <ClInclude Include="Game1\Game\ParticleGenerator.h">
      <Filter>头文件</Filter>
    </ClInclude>
    <ClInclude Include="Game3\PixelModify.h">
      <Filter>头文件</Filter>
    </ClInclude>
  </ItemGroup>
  <ItemGroup>
    <Image Include="Game1\textures\awesomeface.png">
      <Filter>资源文件</Filter>
    </Image>
    <Image Include="Game1\textures\background.jpg">
      <Filter>资源文件</Filter>
    </Image>
    <Image Include="Game1\textures\block.png">
      <Filter>资源文件</Filter>
    </Image>
    <Image Include="Game1\textures\block_solid.png">
      <Filter>资源文件</Filter>
    </Image>
    <Image Include="Game1\textures\paddle.png">
      <Filter>资源文件</Filter>
    </Image>
    <Image Include="Game1\textures\particle.png">
      <Filter>资源文件</Filter>
    </Image>
    <Image Include="Game1\textures\powerup_chaos.png">
      <Filter>资源文件</Filter>
    </Image>
    <Image Include="Game1\textures\powerup_confuse.png">
      <Filter>资源文件</Filter>
    </Image>
    <Image Include="Game1\textures\powerup_increase.png">
      <Filter>资源文件</Filter>
    </Image>
    <Image Include="Game1\textures\powerup_passthrough.png">
      <Filter>资源文件</Filter>
    </Image>
    <Image Include="Game1\textures\powerup_speed.png">
      <Filter>资源文件</Filter>
    </Image>
    <Image Include="Game1\textures\powerup_sticky.png">
      <Filter>资源文件</Filter>
    </Image>
    <Image Include="Game3\textures\1.jpeg">
      <Filter>资源文件</Filter>
    </Image>
    <Image Include="Game3\textures\2.png">
      <Filter>资源文件</Filter>
    </Image>
  </ItemGroup>
  <ItemGroup>
    <None Include="Game1\levels\four.lvl" />
    <None Include="Game1\levels\one.lvl" />
    <None Include="Game1\levels\three.lvl" />
    <None Include="Game1\levels\two.lvl" />
    <None Include="Game1\shaders\particle.frag" />
    <None Include="Game1\shaders\particle.vert" />
    <None Include="Game1\shaders\post_processing.frag" />
    <None Include="Game1\shaders\post_processing.vert" />
    <None Include="Game1\shaders\sprite.frag" />
    <None Include="Game1\shaders\sprite.vert" />
    <None Include="Game1\shaders\stencil_single_color.fs" />
    <None Include="Game1\shaders\stencil_testing.fs" />
    <None Include="Game1\shaders\stencil_testing.vert" />
    <None Include="Game1\shaders\text.frag" />
    <None Include="Game1\shaders\text.vert" />
    <None Include="Game3\shaders\frag.frag" />
    <None Include="Game3\shaders\vert.vert" />
    <None Include="Game3\shaders\fragOnePic.frag" />
    <None Include="OpenGL\shaders\text.frag" />
    <None Include="OpenGL\shaders\text.vert" />
  </ItemGroup>
  <ItemGroup>
    <Media Include="Game1\audio\bleep.mp3">
      <Filter>资源文件</Filter>
    </Media>
    <Media Include="Game1\audio\bleep.wav">
      <Filter>资源文件</Filter>
    </Media>
    <Media Include="Game1\audio\breakout.mp3">
      <Filter>资源文件</Filter>
    </Media>
    <Media Include="Game1\audio\powerup.wav">
      <Filter>资源文件</Filter>
    </Media>
    <Media Include="Game1\audio\solid.wav">
      <Filter>资源文件</Filter>
    </Media>
  </ItemGroup>
  <ItemGroup>
    <CopyFileToFolders Include="OpenGL\dll\irrKlang.dll" />
    <CopyFileToFolders Include="OpenGL\dll\ikpMP3.dll" />
    <CopyFileToFolders Include="OpenGL\dll\ikpFlac.dll" />
    <CopyFileToFolders Include="Game2\shaders\stencil.vert" />
    <CopyFileToFolders Include="Game2\shaders\texture.frag" />
    <CopyFileToFolders Include="Game2\textures\background.jpg">
      <Filter>资源文件</Filter>
    </CopyFileToFolders>
    <CopyFileToFolders Include="Game2\textures\block_solid.png">
      <Filter>资源文件</Filter>
    </CopyFileToFolders>
    <CopyFileToFolders Include="Game2\shaders\color.frag" />
  </ItemGroup>
  <ItemGroup>
    <Font Include="Game1\fonts\OCRAEXT.TTF" />
  </ItemGroup>
</Project>